version = 1
revision = 3
requires-python = "==3.8.*"
resolution-markers = [
    "platform_machine == 'x86_64' and sys_platform == 'linux'",
]
supported-markers = [
    "platform_machine == 'x86_64' and sys_platform == 'linux'",
]

[[package]]
name = "absl-py"
version = "2.3.1"
source = { registry = "https://pypi.org/simple" }
sdist = { url = "https://files.pythonhosted.org/packages/10/2a/c93173ffa1b39c1d0395b7e842bbdc62e556ca9d8d3b5572926f3e4ca752/absl_py-2.3.1.tar.gz", hash = "sha256:a97820526f7fbfd2ec1bce83f3f25e3a14840dac0d8e02a0b71cd75db3f77fc9", size = 116588, upload-time = "2025-07-03T09:31:44.05Z" }
wheels = [
    { url = "https://files.pythonhosted.org/packages/8f/aa/ba0014cc4659328dc818a28827be78e6d97312ab0cb98105a770924dc11e/absl_py-2.3.1-py3-none-any.whl", hash = "sha256:eeecf07f0c2a93ace0772c92e596ace6d3d3996c042b2128459aaae2a76de11d", size = 135811, upload-time = "2025-07-03T09:31:42.253Z" },
]

[[package]]
name = "astunparse"
version = "1.6.3"
source = { registry = "https://pypi.org/simple" }
dependencies = [
    { name = "six", marker = "platform_machine == 'x86_64' and sys_platform == 'linux'" },
    { name = "wheel", marker = "platform_machine == 'x86_64' and sys_platform == 'linux'" },
]
sdist = { url = "https://files.pythonhosted.org/packages/f3/af/4182184d3c338792894f34a62672919db7ca008c89abee9b564dd34d8029/astunparse-1.6.3.tar.gz", hash = "sha256:5ad93a8456f0d084c3456d059fd9a92cce667963232cbf763eac3bc5b7940872", size = 18290, upload-time = "2019-12-22T18:12:13.129Z" }
wheels = [
    { url = "https://files.pythonhosted.org/packages/2b/03/13dde6512ad7b4557eb792fbcf0c653af6076b81e5941d36ec61f7ce6028/astunparse-1.6.3-py2.py3-none-any.whl", hash = "sha256:c2652417f2c8b5bb325c885ae329bdf3f86424075c4fd1a128674bc6fba4b8e8", size = 12732, upload-time = "2019-12-22T18:12:11.297Z" },
]

[[package]]
name = "cachetools"
version = "4.2.4"
source = { registry = "https://pypi.org/simple" }
sdist = { url = "https://files.pythonhosted.org/packages/d7/69/c457a860456cbf80ecc2e44ed4c201b49ec7ad124d769b71f6d0a7935dca/cachetools-4.2.4.tar.gz", hash = "sha256:89ea6f1b638d5a73a4f9226be57ac5e4f399d22770b92355f92dcb0f7f001693", size = 25487, upload-time = "2021-09-30T10:26:22.593Z" }
wheels = [
    { url = "https://files.pythonhosted.org/packages/ea/c1/4740af52db75e6dbdd57fc7e9478439815bbac549c1c05881be27d19a17d/cachetools-4.2.4-py3-none-any.whl", hash = "sha256:92971d3cb7d2a97efff7c7bb1657f21a8f5fb309a37530537c71b1774189f2d1", size = 10358, upload-time = "2021-09-30T10:26:20.649Z" },
]

[[package]]
name = "certifi"
version = "2026.7.22"
source = { registry = "https://pypi.org/simple" }
sdist = { url = "https://files.pythonhosted.org/packages/a3/c2/24167ea9858356b47a87a50d39908bfdb72ceeefe0041586e704e5376b3a/certifi-2026.7.22.tar.gz", hash = "sha256:741e2c3b351ddf169a738da9f2c048608ff7f2c5cc02f1ebc6b118bb090d5d55", size = 138112, upload-time = "2026-07-22T03:35:12.644Z" }
wheels = [
    { url = "https://files.pythonhosted.org/packages/0b/a7/71ac2cff56fec219ed242bb11b8efb69fcc4bec75db06fb7bfe35de520e6/certifi-2026.7.22-py3-none-any.whl", hash = "sha256:62f22742b58a1a33014a2b6b706588a8d7e2a88ae7bd1a6ebe8c992928483775", size = 136983, upload-time = "2026-07-22T03:35:11.276Z" },
]

[[package]]
name = "charset-normalizer"
version = "3.5.1"
source = { registry = "https://pypi.org/simple" }
sdist = { url = "https://files.pythonhosted.org/packages/e5/3f/143b048436775b0f76ac3eec145c019e8173ccc2885c8f20319b996d5e83/charset_normalizer-3.5.1.tar.gz", hash = "sha256:6117b84ea48435e5356dc737f5121485c30920ba43375fa7b434fd753df0eac3", size = 171764, upload-time = "2026-08-15T08:20:44.807Z" }
wheels = [
    { url = "https://files.pythonhosted.org/packages/9f/2f/fe3f187327aac18e2d54e9d2b08e15d27bf9b642d9e51c219f130fc34d1a/charset_normalizer-3.5.1-cp37-abi3-manylinux1_x86_64.manylinux_2_28_x86_64.manylinux_2_5_x86_64.whl", hash = "sha256:a6dac12ff6b846103483683f60c5f8fee205121adc58ffd87e90a90a3af69e99", size = 253057, upload-time = "2026-08-15T08:19:52.654Z" },
    { url = "https://files.pythonhosted.org/packages/80/c2/a7379b840292d0c1ab9fbd17d1f3967aa81794dc95bc74be8999d7fedcf7/charset_normalizer-3.5.1-cp37-abi3-musllinux_1_2_x86_64.whl", hash = "sha256:e199fb99720074809a7720f1c0b4d919eea8b87e88713e0f8f602f7bef543d9d", size = 254846, upload-time = "2026-08-15T08:20:10.727Z" },
    { url = "https://files.pythonhosted.org/packages/cc/61/d01fc49b8dea277640b55a9e15960dbca9fdc8c9fde18e572d39c59f4019/charset_normalizer-3.5.1-py3-none-any.whl", hash = "sha256:6df0ec430f9a831772c23ca5a224cba36517a58a84bb32c32bb59a9fa67c47f6", size = 68658, upload-time = "2026-08-15T08:20:43.306Z" },
]

[[package]]
name = "gast"
version = "0.3.3"
source = { registry = "https://pypi.org/simple" }
sdist = { url = "https://files.pythonhosted.org/packages/12/59/eaa15ab9710a20e22225efd042cd2d6a0b559a0656d5baba9641a2a4a921/gast-0.3.3.tar.gz", hash = "sha256:b881ef288a49aa81440d2c5eb8aeefd4c2bb8993d5f50edae7413a85bfdb3b57", size = 13760, upload-time = "2020-01-19T20:17:47.802Z" }
wheels = [
    { url = "https://files.pythonhosted.org/packages/d6/84/759f5dd23fec8ba71952d97bcc7e2c9d7d63bdc582421f3cd4be845f0c98/gast-0.3.3-py2.py3-none-any.whl", hash = "sha256:8f46f5be57ae6889a4e16e2ca113b1703ef17f2b0abceb83793eaba9e1351a45", size = 9701, upload-time = "2020-01-19T20:17:45.588Z" },
]

[[package]]
name = "google-auth"
version = "1.35.0"
source = { registry = "https://pypi.org/simple" }
dependencies = [
    { name = "cachetools", marker = "platform_machine == 'x86_64' and sys_platform == 'linux'" },
    { name = "pyasn1-modules", marker = "platform_machine == 'x86_64' and sys_platform == 'linux'" },
    { name = "rsa", marker = "platform_machine == 'x86_64' and sys_platform == 'linux'" },
    { name = "setuptools", marker = "platform_machine == 'x86_64' and sys_platform == 'linux'" },
    { name = "six", marker = "platform_machine == 'x86_64' and sys_platform == 'linux'" },
]
sdist = { url = "https://files.pythonhosted.org/packages/9a/97/bf2edc87092301da1936b0df4d9d60e5f4287b6910b7d8f5cc0ea796d620/google-auth-1.35.0.tar.gz", hash = "sha256:b7033be9028c188ee30200b204ea00ed82ea1162e8ac1df4aa6ded19a191d88e", size = 181504, upload-time = "2021-08-16T23:24:10.787Z" }
wheels = [
    { url = "https://files.pythonhosted.org/packages/fb/7a/1b3eb54caee1b8c73c2c3645f78a382eca4805a301a30c64a078e736e446/google_auth-1.35.0-py2.py3-none-any.whl", hash = "sha256:997516b42ecb5b63e8d80f5632c1a61dddf41d2a4c2748057837e06e00014258", size = 152949, upload-time = "2021-08-16T23:24:09.117Z" },
]

[[package]]
name = "google-auth-oauthlib"
version = "0.4.6"
source = { registry = "https://pypi.org/simple" }
dependencies = [
    { name = "google-auth", marker = "platform_machine == 'x86_64' and sys_platform == 'linux'" },
    { name = "requests-oauthlib", marker = "platform_machine == 'x86_64' and sys_platform == 'linux'" },
]
sdist = { url = "https://files.pythonhosted.org/packages/30/21/b84fa7ef834d4b126faad13da6e582c8f888e196326b9d6aab1ae303df4f/google-auth-oauthlib-0.4.6.tar.gz", hash = "sha256:a90a072f6993f2c327067bf65270046384cda5a8ecb20b94ea9a687f1f233a7a", size = 19516, upload-time = "2021-09-01T09:54:17.701Z" }
wheels = [
    { url = "https://files.pythonhosted.org/packages/b1/0e/0636cc1448a7abc444fb1b3a63655e294e0d2d49092dc3de05241be6d43c/google_auth_oauthlib-0.4.6-py2.py3-none-any.whl", hash = "sha256:3f2a6e802eebbb6fb736a370fbf3b055edcb6b52878bf2f26330b5e041316c73", size = 18306, upload-time = "2021-09-01T09:54:15.745Z" },
]

[[package]]
name = "google-pasta"
version = "0.2.0"
source = { registry = "https://pypi.org/simple" }
dependencies = [
    { name = "six", marker = "platform_machine == 'x86_64' and sys_platform == 'linux'" },
]
sdist = { url = "https://files.pythonhosted.org/packages/35/4a/0bd53b36ff0323d10d5f24ebd67af2de10a1117f5cf4d7add90df92756f1/google-pasta-0.2.0.tar.gz", hash = "sha256:c9f2c8dfc8f96d0d5808299920721be30c9eec37f2389f28904f454565c8a16e", size = 40430, upload-time = "2020-03-13T18:57:50.34Z" }
wheels = [
    { url = "https://files.pythonhosted.org/packages/a3/de/c648ef6835192e6e2cc03f40b19eeda4382c49b5bafb43d88b931c4c74ac/google_pasta-0.2.0-py3-none-any.whl", hash = "sha256:b32482794a366b5366a32c92a9a9201b107821889935a02b3e51f6b432ea84ed", size = 57471, upload-time = "2020-03-13T18:57:48.872Z" },
]

[[package]]
name = "grpcio"
version = "1.70.0"
source = { registry = "https://pypi.org/simple" }
sdist = { url = "https://files.pythonhosted.org/packages/69/e1/4b21b5017c33f3600dcc32b802bb48fe44a4d36d6c066f52650c7c2690fa/grpcio-1.70.0.tar.gz", hash = "sha256:8d1584a68d5922330025881e63a6c1b54cc8117291d382e4fa69339b6d914c56", size = 12788932, upload-time = "2025-01-23T18:00:17.288Z" }
wheels = [
    { url = "https://files.pythonhosted.org/packages/2c/64/66a74c02b00e00b919c245ca9da8e5c44e8692bf3fe7f27efbc97572566c/grpcio-1.70.0-cp38-cp38-manylinux_2_17_x86_64.manylinux2014_x86_64.whl", hash = "sha256:412faabcc787bbc826f51be261ae5fa996b21263de5368a55dc2cf824dc5090e", size = 5950685, upload-time = "2025-01-23T17:55:22.253Z" },
    { url = "https://files.pythonhosted.org/packages/57/17/34d0a6af4477fd48b8b41d13782fb1e35b8841b17d6ac7a3eb24d2f3b17e/grpcio-1.70.0-cp38-cp38-musllinux_1_1_x86_64.whl", hash = "sha256:7385b1cb064734005204bc8994eed7dcb801ed6c2eda283f613ad8c6c75cf873", size = 6204792, upload-time = "2025-01-23T17:55:27Z" },
]

[[package]]
name = "h5py"
version = "2.10.0"
source = { registry = "https://pypi.org/simple" }
dependencies = [
    { name = "numpy", marker = "platform_machine == 'x86_64' and sys_platform == 'linux'" },
    { name = "six", marker = "platform_machine == 'x86_64' and sys_platform == 'linux'" },
]
sdist = { url = "https://files.pythonhosted.org/packages/5f/97/a58afbcf40e8abecededd9512978b4e4915374e5b80049af082f49cebe9a/h5py-2.10.0.tar.gz", hash = "sha256:84412798925dc870ffd7107f045d7659e60f5d46d1c70c700375248bf6bf512d", size = 301057, upload-time = "2019-09-06T22:48:43.257Z" }
wheels = [
    { url = "https://files.pythonhosted.org/packages/9d/4f/46dbeea4aee767e15725950b6aac2c56c4eff9e5044886aa7ef932319476/h5py-2.10.0-cp38-cp38-manylinux1_x86_64.whl", hash = "sha256:d35f7a3a6cefec82bfdad2785e78359a0e6a5fbb3f605dd5623ce88082ccd681", size = 2870520, upload-time = "2019-12-08T18:10:25.383Z" },
]

[[package]]
name = "idna"
version = "3.15"
source = { registry = "https://pypi.org/simple" }
sdist = { url = "https://files.pythonhosted.org/packages/82/77/7b3966d0b9d1d31a36ddf1746926a11dface89a83409bf1483f0237aa758/idna-3.15.tar.gz", hash = "sha256:ca962446ea538f7092a95e057da437618e886f4d349216d2b1e294abfdb65fdc", size = 199245, upload-time = "2026-05-12T22:45:57.011Z" }
wheels = [
    { url = "https://files.pythonhosted.org/packages/d2/23/408243171aa9aaba178d3e2559159c24c1171a641aa83b67bdd3394ead8e/idna-3.15-py3-none-any.whl", hash = "sha256:048adeaf8c2d788c40fee287673ccaa74c24ffd8dcf09ffa555a2fbb59f10ac8", size = 72340, upload-time = "2026-05-12T22:45:55.733Z" },
]

[[package]]
name = "imageio"
version = "2.35.1"
source = { registry = "https://pypi.org/simple" }
dependencies = [
    { name = "numpy", marker = "platform_machine == 'x86_64' and sys_platform == 'linux'" },
    { name = "pillow", marker = "platform_machine == 'x86_64' and sys_platform == 'linux'" },
]
sdist = { url = "https://files.pythonhosted.org/packages/82/bf/d0ddda79819405428f40e4bc9245c2b936a3a2b23d83b6e42d83822ef822/imageio-2.35.1.tar.gz", hash = "sha256:4952dfeef3c3947957f6d5dedb1f4ca31c6e509a476891062396834048aeed2a", size = 389686, upload-time = "2024-08-19T02:35:27.783Z" }
wheels = [
    { url = "https://files.pythonhosted.org/packages/1e/b7/02adac4e42a691008b5cfb31db98c190e1fc348d1521b9be4429f9454ed1/imageio-2.35.1-py3-none-any.whl", hash = "sha256:6eb2e5244e7a16b85c10b5c2fe0f7bf961b40fcb9f1a9fd1bd1d2c2f8fb3cd65", size = 315378, upload-time = "2024-08-19T02:35:25.923Z" },
]

[[package]]
name = "importlib-metadata"
version = "8.5.0"
source = { registry = "https://pypi.org/simple" }
dependencies = [
    { name = "zipp", marker = "platform_machine == 'x86_64' and sys_platform == 'linux'" },
]
sdist = { url = "https://files.pythonhosted.org/packages/cd/12/33e59336dca5be0c398a7482335911a33aa0e20776128f038019f1a95f1b/importlib_metadata-8.5.0.tar.gz", hash = "sha256:71522656f0abace1d072b9e5481a48f07c138e00f079c38c8f883823f9c26bd7", size = 55304, upload-time = "2024-09-11T14:56:08.937Z" }
wheels = [
    { url = "https://files.pythonhosted.org/packages/a0/d9/a1e041c5e7caa9a05c925f4bdbdfb7f006d1f74996af53467bc394c97be7/importlib_metadata-8.5.0-py3-none-any.whl", hash = "sha256:45e54197d28b7a7f1559e60b95e7c567032b602131fbd588f1497f47880aa68b", size = 26514, upload-time = "2024-09-11T14:56:07.019Z" },
]

[[package]]
name = "keras-preprocessing"
version = "1.1.2"
source = { registry = "https://pypi.org/simple" }
dependencies = [
    { name = "numpy", marker = "platform_machine == 'x86_64' and sys_platform == 'linux'" },
    { name = "six", marker = "platform_machine == 'x86_64' and sys_platform == 'linux'" },
]
sdist = { url = "https://files.pythonhosted.org/packages/5e/f1/b44337faca48874333769a29398fe4666686733c8880aa160b9fd5dfe600/Keras_Preprocessing-1.1.2.tar.gz", hash = "sha256:add82567c50c8bc648c14195bf544a5ce7c1f76761536956c3d2978970179ef3", size = 163598, upload-time = "2020-05-14T03:53:48.526Z" }
wheels = [
    { url = "https://files.pythonhosted.org/packages/79/4c/7c3275a01e12ef9368a892926ab932b33bb13d55794881e3573482b378a7/Keras_Preprocessing-1.1.2-py2.py3-none-any.whl", hash = "sha256:7b82029b130ff61cc99b55f3bd27427df4838576838c5b2f65940e4fcec99a7b", size = 42581, upload-time = "2020-05-14T03:53:47.192Z" },
]

[[package]]
name = "keras-unet-collection"
version = "0.1.11"
source = { registry = "https://pypi.org/simple" }
sdist = { url = "https://files.pythonhosted.org/packages/89/ca/ece400d9288c1e72a8ee45007aadea9b983d732943f71b946dbfafe033ae/keras-unet-collection-0.1.11.tar.gz", hash = "sha256:913dd7b1edde7af7d0df2668743ae03d11fc4b67c395cb45e7f640091c71217a", size = 40086, upload-time = "2021-09-01T16:45:24.942Z" }
wheels = [
    { url = "https://files.pythonhosted.org/packages/c1/a4/6aca6c30e6d08af4eb43461d3d68f850e2dfeb42d30daa26bd66c0c12cf8/keras_unet_collection-0.1.11-py3-none-any.whl", hash = "sha256:e2a7891e47bdc0da903f1c00a43a2ea0744bdbcae4d895e4f86f7bf6fb1b4d10", size = 67738, upload-time = "2021-09-01T16:45:19.835Z" },
]

[[package]]
name = "markdown"
version = "3.7"
source = { registry = "https://pypi.org/simple" }
dependencies = [
    { name = "importlib-metadata", marker = "platform_machine == 'x86_64' and sys_platform == 'linux'" },
]
sdist = { url = "https://files.pythonhosted.org/packages/54/28/3af612670f82f4c056911fbbbb42760255801b3068c48de792d354ff4472/markdown-3.7.tar.gz", hash = "sha256:2ae2471477cfd02dbbf038d5d9bc226d40def84b4fe2986e49b59b6b472bbed2", size = 357086, upload-time = "2024-08-16T15:55:17.812Z" }
wheels = [
    { url = "https://files.pythonhosted.org/packages/3f/08/83871f3c50fc983b88547c196d11cf8c3340e37c32d2e9d6152abe2c61f7/Markdown-3.7-py3-none-any.whl", hash = "sha256:7eb6df5690b81a1d7942992c97fad2938e956e79df20cbc6186e9c3a77b1c803", size = 106349, upload-time = "2024-08-16T15:55:16.176Z" },
]

[[package]]
name = "markupsafe"
version = "2.1.5"
source = { registry = "https://pypi.org/simple" }
sdist = { url = "https://files.pythonhosted.org/packages/87/5b/aae44c6655f3801e81aa3eef09dbbf012431987ba564d7231722f68df02d/MarkupSafe-2.1.5.tar.gz", hash = "sha256:d283d37a890ba4c1ae73ffadf8046435c76e7bc2247bbb63c00bd1a709c6544b", size = 19384, upload-time = "2024-02-02T16:31:22.863Z" }
wheels = [
    { url = "https://files.pythonhosted.org/packages/c7/bd/50319665ce81bb10e90d1cf76f9e1aa269ea6f7fa30ab4521f14d122a3df/MarkupSafe-2.1.5-cp38-cp38-manylinux_2_17_x86_64.manylinux2014_x86_64.whl", hash = "sha256:fa9db3f79de01457b03d4f01b34cf91bc0048eb2c3846ff26f66687c2f6d16ab", size = 26106, upload-time = "2024-02-02T16:31:01.582Z" },
    { url = "https://files.pythonhosted.org/packages/0e/7d/968284145ffd9d726183ed6237c77938c021abacde4e073020f920e060b2/MarkupSafe-2.1.5-cp38-cp38-musllinux_1_1_x86_64.whl", hash = "sha256:8dd717634f5a044f860435c1d8c16a270ddf0ef8588d4887037c5028b859b0c3", size = 29933, upload-time = "2024-02-02T16:31:06.636Z" },
]

[[package]]
name = "networkx"
version = "3.1"
source = { registry = "https://pypi.org/simple" }
sdist = { url = "https://files.pythonhosted.org/packages/fd/a1/47b974da1a73f063c158a1f4cc33ed0abf7c04f98a19050e80c533c31f0c/networkx-3.1.tar.gz", hash = "sha256:de346335408f84de0eada6ff9fafafff9bcda11f0a0dfaa931133debb146ab61", size = 2021691, upload-time = "2023-04-04T20:07:56.693Z" }
wheels = [
    { url = "https://files.pythonhosted.org/packages/a8/05/9d4f9b78ead6b2661d6e8ea772e111fc4a9fbd866ad0c81906c11206b55e/networkx-3.1-py3-none-any.whl", hash = "sha256:4f33f68cb2afcf86f28a45f43efc27a9386b535d567d2127f8f61d51dec58d36", size = 2072251, upload-time = "2023-04-04T20:07:53.63Z" },
]

[[package]]
name = "nibabel"
version = "3.2.1"
source = { registry = "https://pypi.org/simple" }
dependencies = [
    { name = "numpy", marker = "platform_machine == 'x86_64' and sys_platform == 'linux'" },
    { name = "packaging", marker = "platform_machine == 'x86_64' and sys_platform == 'linux'" },
]
sdist = { url = "https://files.pythonhosted.org/packages/10/2a/1142c228140fb2f6ed173049b2c8b075593d76722bf536d6dc2bb534c21d/nibabel-3.2.1.tar.gz", hash = "sha256:4d2ff9426b740011a1c916b54fc25da9348282e727eaa2ea163f42e00f1fc29e", size = 4723111, upload-time = "2020-11-28T22:18:28.678Z" }
wheels = [
    { url = "https://files.pythonhosted.org/packages/42/bf/ba089fec67237f6439c345b8977ca6dde67402ada6592bf84c2c78d557ff/nibabel-3.2.1-py3-none-any.whl", hash = "sha256:7e26cbf60eae8668785fa970294f05f767cefc5538b9e22aa388a07f62c54ebc", size = 3346505, upload-time = "2020-11-28T22:18:23.128Z" },
]

[[package]]
name = "numpy"
version = "1.19.5"
source = { registry = "https://pypi.org/simple" }
sdist = { url = "https://files.pythonhosted.org/packages/51/60/3f0fe5b7675a461d96b9d6729beecd3532565743278a9c3fe6dd09697fa7/numpy-1.19.5.zip", hash = "sha256:a76f502430dd98d7546e1ea2250a7360c065a5fdea52b2dffe8ae7180909b6f4", size = 7318340, upload-time = "2021-01-05T17:45:27.995Z" }
wheels = [
    { url = "https://files.pythonhosted.org/packages/21/da/4a59e01f8fff4281a068e90868edd62253c1431a1b7315fe6789f8a0d9c0/numpy-1.19.5-cp38-cp38-manylinux1_x86_64.whl", hash = "sha256:012426a41bc9ab63bb158635aecccc7610e3eff5d31d1eb43bc099debc979d94", size = 13370326, upload-time = "2021-01-05T17:33:25.188Z" },
    { url = "https://files.pythonhosted.org/packages/66/d7/3b133b17e185f14137bc8afe7a41daf1f31556900f10238312a5ae9c7345/numpy-1.19.5-cp38-cp38-manylinux2010_x86_64.whl", hash = "sha256:a9d17f2be3b427fbb2bce61e596cf555d6f8a56c222bd2ca148baeeb5e5c783c", size = 14887086, upload-time = "2021-01-05T17:35:02.096Z" },
]

[[package]]
name = "oauthlib"
version = "3.3.1"
source = { registry = "https://pypi.org/simple" }
sdist = { url = "https://files.pythonhosted.org/packages/0b/5f/19930f824ffeb0ad4372da4812c50edbd1434f678c90c2733e1188edfc63/oauthlib-3.3.1.tar.gz", hash = "sha256:0f0f8aa759826a193cf66c12ea1af1637f87b9b4622d46e866952bb022e538c9", size = 185918, upload-time = "2025-06-19T22:48:08.269Z" }
wheels = [
    { url = "https://files.pythonhosted.org/packages/be/9c/92789c596b8df838baa98fa71844d84283302f7604ed565dafe5a6b5041a/oauthlib-3.3.1-py3-none-any.whl", hash = "sha256:88119c938d2b8fb88561af5f6ee0eec8cc8d552b7bb1f712743136eb7523b7a1", size = 160065, upload-time = "2025-06-19T22:48:06.508Z" },
]

[[package]]
name = "opencv-python-headless"
version = "4.5.1.48"
source = { registry = "https://pypi.org/simple" }
dependencies = [
    { name = "numpy", marker = "platform_machine == 'x86_64' and sys_platform == 'linux'" },
]
sdist = { url = "https://files.pythonhosted.org/packages/58/bf/fe6c0714289cb408db73bd0dc6fa931e85906cb7270f7197078311be1499/opencv-python-headless-4.5.1.48.tar.gz", hash = "sha256:d16825755e7b5a6d8737f93e116670229e1510199e0af9213004e187ae0dbcc5", size = 88272084, upload-time = "2021-01-02T12:15:06.606Z" }
wheels = [
    { url = "https://files.pythonhosted.org/packages/1b/cc/33a4e8034b86f3399b1c4e9f5976968b8b83d9baac1728f0e44bed8385a0/opencv_python_headless-4.5.1.48-cp38-cp38-manylinux2014_x86_64.whl", hash = "sha256:7c75680ffdf32d7044415a215d1fc60dbec14a7f2f0b59a85f0f74ef5efcb6ad", size = 37643040, upload-time = "2021-01-02T13:46:44.931Z" },
]

[[package]]
name = "opt-einsum"
version = "3.4.0"
source = { registry = "https://pypi.org/simple" }
sdist = { url = "https://files.pythonhosted.org/packages/8c/b9/2ac072041e899a52f20cf9510850ff58295003aa75525e58343591b0cbfb/opt_einsum-3.4.0.tar.gz", hash = "sha256:96ca72f1b886d148241348783498194c577fa30a8faac108586b14f1ba4473ac", size = 63004, upload-time = "2024-09-26T14:33:24.483Z" }
wheels = [
    { url = "https://files.pythonhosted.org/packages/23/cd/066e86230ae37ed0be70aae89aabf03ca8d9f39c8aea0dec8029455b5540/opt_einsum-3.4.0-py3-none-any.whl", hash = "sha256:69bb92469f86a1565195ece4ac0323943e83477171b91d24c35afe028a90d7cd", size = 71932, upload-time = "2024-09-26T14:33:23.039Z" },
]

[[package]]
name = "packaging"
version = "26.2"
source = { registry = "https://pypi.org/simple" }
sdist = { url = "https://files.pythonhosted.org/packages/d7/f1/e7a6dd94a8d4a5626c03e4e99c87f241ba9e350cd9e6d75123f992427270/packaging-26.2.tar.gz", hash = "sha256:ff452ff5a3e828ce110190feff1178bb1f2ea2281fa2075aadb987c2fb221661", size = 228134, upload-time = "2026-04-24T20:15:23.917Z" }
wheels = [
    { url = "https://files.pythonhosted.org/packages/df/b2/87e62e8c3e2f4b32e5fe99e0b86d576da1312593b39f47d8ceef365e95ed/packaging-26.2-py3-none-any.whl", hash = "sha256:5fc45236b9446107ff2415ce77c807cee2862cb6fac22b8a73826d0693b0980e", size = 100195, upload-time = "2026-04-24T20:15:22.081Z" },
]

[[package]]
name = "pandas"
version = "1.4.0"
source = { registry = "https://pypi.org/simple" }
dependencies = [
    { name = "numpy", marker = "platform_machine == 'x86_64' and sys_platform == 'linux'" },
    { name = "python-dateutil", marker = "platform_machine == 'x86_64' and sys_platform == 'linux'" },
    { name = "pytz", marker = "platform_machine == 'x86_64' and sys_platform == 'linux'" },
]
sdist = { url = "https://files.pythonhosted.org/packages/4d/aa/e7078569d20f45e8cf6512a24bf2945698f13a7975650773c01366ea96dc/pandas-1.4.0.tar.gz", hash = "sha256:cdd76254c7f0a1583bd4e4781fb450d0ebf392e10d3f12e92c95575942e37df5", size = 4935046, upload-time = "2022-01-22T14:52:35.821Z" }
wheels = [
    { url = "https://files.pythonhosted.org/packages/bd/97/4369284364447a72df39f0799901e40908c5c5cd01e940050d01d25c8159/pandas-1.4.0-cp38-cp38-manylinux_2_17_x86_64.manylinux2014_x86_64.whl", hash = "sha256:1f3b74335390dda49f5d5089fab71958812bf56f42aa27663ee4c16d19f4f1c5", size = 11677748, upload-time = "2022-01-22T14:50:43.708Z" },
]

[[package]]
name = "pillow"
version = "10.4.0"
source = { registry = "https://pypi.org/simple" }
sdist = { url = "https://files.pythonhosted.org/packages/cd/74/ad3d526f3bf7b6d3f408b73fde271ec69dfac8b81341a318ce825f2b3812/pillow-10.4.0.tar.gz", hash = "sha256:166c1cd4d24309b30d61f79f4a9114b7b2313d7450912277855ff5dfd7cd4a06", size = 46555059, upload-time = "2024-07-01T09:48:43.583Z" }
wheels = [
    { url = "https://files.pythonhosted.org/packages/84/4c/69bbed9e436ac22f9ed193a2b64f64d68fcfbc9f4106249dc7ed4889907b/pillow-10.4.0-cp38-cp38-manylinux_2_17_x86_64.manylinux2014_x86_64.whl", hash = "sha256:7a8d4bade9952ea9a77d0c3e49cbd8b2890a399422258a77f357b9cc9be8d680", size = 4444341, upload-time = "2024-07-01T09:47:19.334Z" },
    { url = "https://files.pythonhosted.org/packages/fb/ad/435fe29865f98a8fbdc64add8875a6e4f8c97749a93577a8919ec6f32c64/pillow-10.4.0-cp38-cp38-manylinux_2_28_x86_64.whl", hash = "sha256:950be4d8ba92aca4b2bb0741285a46bfae3ca699ef913ec8416c1b78eadd64cd", size = 4525201, upload-time = "2024-07-01T09:47:24.457Z" },
    { url = "https://files.pythonhosted.org/packages/e4/90/763616e66dc9ad59c9b7fb58f863755e7934ef122e52349f62c7742b82d3/pillow-10.4.0-cp38-cp38-musllinux_1_2_x86_64.whl", hash = "sha256:73664fe514b34c8f02452ffb73b7a92c6774e39a647087f83d67f010eb9a0cf0", size = 4590283, upload-time = "2024-07-01T09:47:29.247Z" },
]

[[package]]
name = "protobuf"
version = "3.20.1"
source = { registry = "https://pypi.org/simple" }
sdist = { url = "https://files.pythonhosted.org/packages/19/96/1283259c25bc48a6df98fa096f66fc568b40137b93806ef5ff66a2d166b1/protobuf-3.20.1.tar.gz", hash = "sha256:adc31566d027f45efe3f44eeb5b1f329da43891634d61c75a5944e9be6dd42c9", size = 216462, upload-time = "2022-04-22T18:48:06.66Z" }
wheels = [
    { url = "https://files.pythonhosted.org/packages/c1/4d/1d46234fbdff4ee05cb7ec6cb6ea9282769fa9fefd72d93de4b85fd3d8c4/protobuf-3.20.1-cp38-cp38-manylinux_2_5_x86_64.manylinux1_x86_64.whl", hash = "sha256:69ccfdf3657ba59569c64295b7d51325f91af586f8d5793b734260dfe2e94e2c", size = 1018570, upload-time = "2022-04-22T02:03:29.955Z" },
    { url = "https://files.pythonhosted.org/packages/ef/c8/2e7f7feaf804b7206e6cc8fa3f0f49834a78f7cb127813d2c45e42d5f7bf/protobuf-3.20.1-py2.py3-none-any.whl", hash = "sha256:adfc6cf69c7f8c50fd24c793964eef18f0ac321315439d94945820612849c388", size = 162127, upload-time = "2022-04-22T18:48:03.541Z" },
]

[[package]]
name = "pyasn1"
version = "0.6.4"
source = { registry = "https://pypi.org/simple" }
sdist = { url = "https://files.pythonhosted.org/packages/a4/9a/23310166d960def5897e91fe20e5b724601b02a22e84ba1f94232c0b7f67/pyasn1-0.6.4.tar.gz", hash = "sha256:9c447d8431c947fe4c8febc4ed9e760bc29011a5b01e5c74b67025bd9fb8ce81", size = 151262, upload-time = "2026-07-09T01:12:33.988Z" }
wheels = [
    { url = "https://files.pythonhosted.org/packages/9a/3b/6163796d69c3977d1e4287bea4a6979161cbbdd170ebb430511e8e1999ce/pyasn1-0.6.4-py3-none-any.whl", hash = "sha256:deda9277cfd454080ec40b207fb6df82206a3a2688735233cdcd8d3d565f088b", size = 84410, upload-time = "2026-07-09T01:12:32.92Z" },
]

[[package]]
name = "pyasn1-modules"
version = "0.4.2"
source = { registry = "https://pypi.org/simple" }
dependencies = [
    { name = "pyasn1", marker = "platform_machine == 'x86_64' and sys_platform == 'linux'" },
]
sdist = { url = "https://files.pythonhosted.org/packages/e9/e6/78ebbb10a8c8e4b61a59249394a4a594c1a7af95593dc933a349c8d00964/pyasn1_modules-0.4.2.tar.gz", hash = "sha256:677091de870a80aae844b1ca6134f54652fa2c8c5a52aa396440ac3106e941e6", size = 307892, upload-time = "2025-03-28T02:41:22.17Z" }
wheels = [
    { url = "https://files.pythonhosted.org/packages/47/8d/d529b5d697919ba8c11ad626e835d4039be708a35b0d22de83a269a6682c/pyasn1_modules-0.4.2-py3-none-any.whl", hash = "sha256:29253a9207ce32b64c3ac6600edc75368f98473906e8fd1043bd6b5b1de2c14a", size = 181259, upload-time = "2025-03-28T02:41:19.028Z" },
]

[[package]]
name = "pydicom"
version = "2.4.4"
source = { registry = "https://pypi.org/simple" }
sdist = { url = "https://files.pythonhosted.org/packages/25/98/0b530df4b0129f5651a006534168769a507e50c92657a22fb3e26bd2b0cf/pydicom-2.4.4.tar.gz", hash = "sha256:90b4801d851ce65be3df520e16bbfa3d6c767cf2a3a3b1c18f6780e6b670b87a", size = 2016625, upload-time = "2023-12-14T21:44:29.896Z" }
wheels = [
    { url = "https://files.pythonhosted.org/packages/35/2a/8c0f6fe243e6b6793868c6834203a44cc8f3f25abad780e1c7b21e15594d/pydicom-2.4.4-py3-none-any.whl", hash = "sha256:f9f8e19b78525be57aa6384484298833e4d06ac1d6226c79459131ddb0bd7c42", size = 1771279, upload-time = "2023-12-14T21:44:27.232Z" },
]

[[package]]
name = "python-dateutil"
version = "2.9.0.post0"
source = { registry = "https://pypi.org/simple" }
dependencies = [
    { name = "six", marker = "platform_machine == 'x86_64' and sys_platform == 'linux'" },
]
sdist = { url = "https://files.pythonhosted.org/packages/66/c0/0c8b6ad9f17a802ee498c46e004a0eb49bc148f2fd230864601a86dcf6db/python-dateutil-2.9.0.post0.tar.gz", hash = "sha256:37dd54208da7e1cd875388217d5e00ebd4179249f90fb72437e91a35459a0ad3", size = 342432, upload-time = "2024-03-01T18:36:20.211Z" }
wheels = [
    { url = "https://files.pythonhosted.org/packages/ec/57/56b9bcc3c9c6a792fcbaf139543cee77261f3651ca9da0c93f5c1221264b/python_dateutil-2.9.0.post0-py2.py3-none-any.whl", hash = "sha256:a8b2bc7bffae282281c8140a97d3aa9c14da0b136dfe83f850eea9a5f7470427", size = 229892, upload-time = "2024-03-01T18:36:18.57Z" },
]

[[package]]
name = "pytz"
version = "2026.3.post1"
source = { registry = "https://pypi.org/simple" }
sdist = { url = "https://files.pythonhosted.org/packages/fb/48/fb042503b6ca6cd271261dc559fd6432f7d8c713153e9ec5c591af4dfc1c/pytz-2026.3.post1.tar.gz", hash = "sha256:2211d3fcf9a797d3405cac96ac7f61d80e6a644f72a3309607282fe8a2010c5d", size = 319745, upload-time = "2026-07-25T15:12:07.385Z" }
wheels = [
    { url = "https://files.pythonhosted.org/packages/0f/7b/39c34ca613b0b198cb866466651b26b045e2009864c5183c979a3b83f383/pytz-2026.3.post1-py2.py3-none-any.whl", hash = "sha256:dd95840dd199baea12d9cc096a1d452caa6596a1c1e4b5f3dbd1541855d5e815", size = 508283, upload-time = "2026-07-25T15:12:05.782Z" },
]

[[package]]
name = "pywavelets"
version = "1.4.1"
source = { registry = "https://pypi.org/simple" }
dependencies = [
    { name = "numpy", marker = "platform_machine == 'x86_64' and sys_platform == 'linux'" },
]
sdist = { url = "https://files.pythonhosted.org/packages/6e/d4/008dceeb95fafcf141f39393bdfc10921d0b62a325c2794ac533195a1eb3/PyWavelets-1.4.1.tar.gz", hash = "sha256:6437af3ddf083118c26d8f97ab43b0724b956c9f958e9ea788659f6a2834ba93", size = 4589677, upload-time = "2022-09-16T14:26:50.462Z" }
wheels = [
    { url = "https://files.pythonhosted.org/packages/88/4b/b2b2a6f51e47c091c221bfde976a01a7e5f20e7e5e6341b2b9c4db73d2ed/PyWavelets-1.4.1-cp38-cp38-manylinux_2_17_x86_64.manylinux2014_x86_64.whl", hash = "sha256:058b46434eac4c04dd89aeef6fa39e4b6496a951d78c500b6641fd5b2cc2f9f4", size = 6942852, upload-time = "2022-09-16T14:26:34.094Z" },
]

[[package]]
name = "raclahe"
version = "3.0.0"
source = { virtual = "." }
dependencies = [
    { name = "keras-unet-collection", marker = "platform_machine == 'x86_64' and sys_platform == 'linux'" },
    { name = "nibabel", marker = "platform_machine == 'x86_64' and sys_platform == 'linux'" },
    { name = "numpy", marker = "platform_machine == 'x86_64' and sys_platform == 'linux'" },
    { name = "opencv-python-headless", marker = "platform_machine == 'x86_64' and sys_platform == 'linux'" },
    { name = "pandas", marker = "platform_machine == 'x86_64' and sys_platform == 'linux'" },
    { name = "protobuf", marker = "platform_machine == 'x86_64' and sys_platform == 'linux'" },
    { name = "pydicom", marker = "platform_machine == 'x86_64' and sys_platform == 'linux'" },
    { name = "scikit-image", marker = "platform_machine == 'x86_64' and sys_platform == 'linux'" },
    { name = "scipy", marker = "platform_machine == 'x86_64' and sys_platform == 'linux'" },
    { name = "simpleitk", marker = "platform_machine == 'x86_64' and sys_platform == 'linux'" },
    { name = "tensorflow", marker = "platform_machine == 'x86_64' and sys_platform == 'linux'" },
]

[package.metadata]
requires-dist = [
    { name = "keras-unet-collection", specifier = "==0.1.11" },
    { name = "nibabel", specifier = "==3.2.1" },
    { name = "numpy", specifier = "==1.19.5" },
    { name = "opencv-python-headless", specifier = "==4.5.1.48" },
    { name = "pandas", specifier = "==1.4.0" },
    { name = "protobuf", specifier = "==3.20.1" },
    { name = "pydicom" },
    { name = "scikit-image", specifier = "==0.19.1" },
    { name = "scipy", specifier = "==1.4.1" },
    { name = "simpleitk", specifier = "==2.3.1" },
    { name = "tensorflow", specifier = "==2.2.0" },
]

[[package]]
name = "requests"
version = "2.32.4"
source = { registry = "https://pypi.org/simple" }
dependencies = [
    { name = "certifi", marker = "platform_machine == 'x86_64' and sys_platform == 'linux'" },
    { name = "charset-normalizer", marker = "platform_machine == 'x86_64' and sys_platform == 'linux'" },
    { name = "idna", marker = "platform_machine == 'x86_64' and sys_platform == 'linux'" },
    { name = "urllib3", marker = "platform_machine == 'x86_64' and sys_platform == 'linux'" },
]
sdist = { url = "https://files.pythonhosted.org/packages/e1/0a/929373653770d8a0d7ea76c37de6e41f11eb07559b103b1c02cafb3f7cf8/requests-2.32.4.tar.gz", hash = "sha256:27d0316682c8a29834d3264820024b62a36942083d52caf2f14c0591336d3422", size = 135258, upload-time = "2025-06-09T16:43:07.34Z" }
wheels = [
    { url = "https://files.pythonhosted.org/packages/7c/e4/56027c4a6b4ae70ca9de302488c5ca95ad4a39e190093d6c1a8ace08341b/requests-2.32.4-py3-none-any.whl", hash = "sha256:27babd3cda2a6d50b30443204ee89830707d396671944c998b5975b031ac2b2c", size = 64847, upload-time = "2025-06-09T16:43:05.728Z" },
]

[[package]]
name = "requests-oauthlib"
version = "2.0.0"
source = { registry = "https://pypi.org/simple" }
dependencies = [
    { name = "oauthlib", marker = "platform_machine == 'x86_64' and sys_platform == 'linux'" },
    { name = "requests", marker = "platform_machine == 'x86_64' and sys_platform == 'linux'" },
]
sdist = { url = "https://files.pythonhosted.org/packages/42/f2/05f29bc3913aea15eb670be136045bf5c5bbf4b99ecb839da9b422bb2c85/requests-oauthlib-2.0.0.tar.gz", hash = "sha256:b3dffaebd884d8cd778494369603a9e7b58d29111bf6b41bdc2dcd87203af4e9", size = 55650, upload-time = "2024-03-22T20:32:29.939Z" }
wheels = [
    { url = "https://files.pythonhosted.org/packages/3b/5d/63d4ae3b9daea098d5d6f5da83984853c1bbacd5dc826764b249fe119d24/requests_oauthlib-2.0.0-py2.py3-none-any.whl", hash = "sha256:7dd8a5c40426b779b0868c404bdef9768deccf22749cde15852df527e6269b36", size = 24179, upload-time = "2024-03-22T20:32:28.055Z" },
]

[[package]]
name = "rsa"
version = "4.9.1"
source = { registry = "https://pypi.org/simple" }
dependencies = [
    { name = "pyasn1", marker = "platform_machine == 'x86_64' and sys_platform == 'linux'" },
]
sdist = { url = "https://files.pythonhosted.org/packages/da/8a/22b7beea3ee0d44b1916c0c1cb0ee3af23b700b6da9f04991899d0c555d4/rsa-4.9.1.tar.gz", hash = "sha256:e7bdbfdb5497da4c07dfd35530e1a902659db6ff241e39d9953cad06ebd0ae75", size = 29034, upload-time = "2025-04-16T09:51:18.218Z" }
wheels = [
    { url = "https://files.pythonhosted.org/packages/64/8d/0133e4eb4beed9e425d9a98ed6e081a55d195481b7632472be1af08d2f6b/rsa-4.9.1-py3-none-any.whl", hash = "sha256:68635866661c6836b8d39430f97a996acbd61bfa49406748ea243539fe239762", size = 34696, upload-time = "2025-04-16T09:51:17.142Z" },
]

[[package]]
name = "scikit-image"
version = "0.19.1"
source = { registry = "https://pypi.org/simple" }
dependencies = [
    { name = "imageio", marker = "platform_machine == 'x86_64' and sys_platform == 'linux'" },
    { name = "networkx", marker = "platform_machine == 'x86_64' and sys_platform == 'linux'" },
    { name = "numpy", marker = "platform_machine == 'x86_64' and sys_platform == 'linux'" },
    { name = "packaging", marker = "platform_machine == 'x86_64' and sys_platform == 'linux'" },
    { name = "pillow", marker = "platform_machine == 'x86_64' and sys_platform == 'linux'" },
    { name = "pywavelets", marker = "platform_machine == 'x86_64' and sys_platform == 'linux'" },
    { name = "scipy", marker = "platform_machine == 'x86_64' and sys_platform == 'linux'" },
    { name = "tifffile", marker = "platform_machine == 'x86_64' and sys_platform == 'linux'" },
]
sdist = { url = "https://files.pythonhosted.org/packages/e7/54/4b57761f25be6e2536130ca3bc8742dee45bb9047c5df798197203220e37/scikit-image-0.19.1.tar.gz", hash = "sha256:48f00ee1e8ec2818ae6a152c72df15f4db7f566e839f5c34e1a0c3c9e5210138", size = 22225936, upload-time = "2021-12-15T17:05:58.537Z" }
wheels = [
    { url = "https://files.pythonhosted.org/packages/1e/ae/96c95e11aa001ae1489c6b7febe4f4c0b8d3dbc785133615eb79676913c6/scikit_image-0.19.1-cp38-cp38-manylinux_2_17_x86_64.manylinux2014_x86_64.whl", hash = "sha256:26ecb813e4d34874ff5f7f49216e217367db273ad8a99e556c77d616121ab219", size = 13796562, upload-time = "2021-12-15T17:05:32.194Z" },
]

[[package]]
name = "scipy"
version = "1.4.1"
source = { registry = "https://pypi.org/simple" }
dependencies = [
    { name = "numpy", marker = "platform_machine == 'x86_64' and sys_platform == 'linux'" },
]
sdist = { url = "https://files.pythonhosted.org/packages/04/ab/e2eb3e3f90b9363040a3d885ccc5c79fe20c5b8a3caa8fe3bf47ff653260/scipy-1.4.1.tar.gz", hash = "sha256:dee1bbf3a6c8f73b6b218cb28eed8dd13347ea2f87d572ce19b289d6fd3fbc59", size = 24555206, upload-time = "2019-12-19T15:49:20.447Z" }
wheels = [
    { url = "https://files.pythonhosted.org/packages/f3/08/8bdcdcd149ea41b655956feb7c19ebf7e1f561738bd5570b6ae015daf411/scipy-1.4.1-cp38-cp38-manylinux1_x86_64.whl", hash = "sha256:1e3190466d669d658233e8a583b854f6386dd62d655539b77b3fa25bfb2abb70", size = 26006455, upload-time = "2019-12-19T15:48:07.802Z" },
]

[[package]]
name = "setuptools"
version = "75.3.4"
source = { registry = "https://pypi.org/simple" }
sdist = { url = "https://files.pythonhosted.org/packages/0e/93/d2622cbf262418995140dfc1ddb890badd6322893fa122302577c82b9617/setuptools-75.3.4.tar.gz", hash = "sha256:b4ea3f76e1633c4d2d422a5d68ab35fd35402ad71e6acaa5d7e5956eb47e8887", size = 1354595, upload-time = "2026-02-08T14:12:34.287Z" }
wheels = [
    { url = "https://files.pythonhosted.org/packages/cd/b1/961ba076c7d3732e3a97e6681c55ef647afb795fe8bfcd27becec8a762ce/setuptools-75.3.4-py3-none-any.whl", hash = "sha256:2dd50a7f42dddfa1d02a36f275dbe716f38ed250224f609d35fb60a09593d93e", size = 1251633, upload-time = "2026-02-08T14:12:32.364Z" },
]

[[package]]
name = "simpleitk"
version = "2.3.1"
source = { registry = "https://pypi.org/simple" }
wheels = [
    { url = "https://files.pythonhosted.org/packages/86/11/2b55d79c7b5db2cbb77a7acc04b72bdd362602001125ed467a96c141075e/SimpleITK-2.3.1-cp38-cp38-manylinux_2_17_x86_64.manylinux2014_x86_64.whl", hash = "sha256:d1225ea122dc75bcdaec0ddcfffa4771c27c53acc36968cf1256e861a265abf8", size = 52667792, upload-time = "2023-11-06T14:56:29.345Z" },
]

[[package]]
name = "six"
version = "1.17.0"
source = { registry = "https://pypi.org/simple" }
sdist = { url = "https://files.pythonhosted.org/packages/94/e7/b2c673351809dca68a0e064b6af791aa332cf192da575fd474ed7d6f16a2/six-1.17.0.tar.gz", hash = "sha256:ff70335d468e7eb6ec65b95b99d3a2836546063f63acc5171de367e834932a81", size = 34031, upload-time = "2024-12-04T17:35:28.174Z" }
wheels = [
    { url = "https://files.pythonhosted.org/packages/b7/ce/149a00dd41f10bc29e5921b496af8b574d8413afcd5e30dfa0ed46c2cc5e/six-1.17.0-py2.py3-none-any.whl", hash = "sha256:4721f391ed90541fddacab5acf947aa0d3dc7d27b2e1e8eda2be8970586c3274", size = 11050, upload-time = "2024-12-04T17:35:26.475Z" },
]

[[package]]
name = "tensorboard"
version = "2.2.2"
source = { registry = "https://pypi.org/simple" }
dependencies = [
    { name = "absl-py", marker = "platform_machine == 'x86_64' and sys_platform == 'linux'" },
    { name = "google-auth", marker = "platform_machine == 'x86_64' and sys_platform == 'linux'" },
    { name = "google-auth-oauthlib", marker = "platform_machine == 'x86_64' and sys_platform == 'linux'" },
    { name = "grpcio", marker = "platform_machine == 'x86_64' and sys_platform == 'linux'" },
    { name = "markdown", marker = "platform_machine == 'x86_64' and sys_platform == 'linux'" },
    { name = "numpy", marker = "platform_machine == 'x86_64' and sys_platform == 'linux'" },
    { name = "protobuf", marker = "platform_machine == 'x86_64' and sys_platform == 'linux'" },
    { name = "requests", marker = "platform_machine == 'x86_64' and sys_platform == 'linux'" },
    { name = "setuptools", marker = "platform_machine == 'x86_64' and sys_platform == 'linux'" },
    { name = "six", marker = "platform_machine == 'x86_64' and sys_platform == 'linux'" },
    { name = "tensorboard-plugin-wit", marker = "platform_machine == 'x86_64' and sys_platform == 'linux'" },
    { name = "werkzeug", marker = "platform_machine == 'x86_64' and sys_platform == 'linux'" },
    { name = "wheel", marker = "platform_machine == 'x86_64' and sys_platform == 'linux'" },
]
wheels = [
    { url = "https://files.pythonhosted.org/packages/1d/74/0a6fcb206dcc72a6da9a62dd81784bfdbff5fedb099982861dc2219014fb/tensorboard-2.2.2-py3-none-any.whl", hash = "sha256:a3feb73e1221c0a512398ad2cd08570fb082d8a2ba364aa0562543ecbd3659ef", size = 2951018, upload-time = "2020-05-28T17:54:26.925Z" },
]

[[package]]
name = "tensorboard-plugin-wit"
version = "1.8.1"
source = { registry = "https://pypi.org/simple" }
wheels = [
    { url = "https://files.pythonhosted.org/packages/e0/68/e8ecfac5dd594b676c23a7f07ea34c197d7d69b3313afdf8ac1b0a9905a2/tensorboard_plugin_wit-1.8.1-py3-none-any.whl", hash = "sha256:ff26bdd583d155aa951ee3b152b3d0cffae8005dc697f72b44a8e8c2a77a8cbe", size = 781327, upload-time = "2022-01-05T20:29:51.358Z" },
]

[[package]]
name = "tensorflow"
version = "2.2.0"
source = { registry = "https://pypi.org/simple" }
dependencies = [
    { name = "absl-py", marker = "platform_machine == 'x86_64' and sys_platform == 'linux'" },
    { name = "astunparse", marker = "platform_machine == 'x86_64' and sys_platform == 'linux'" },
    { name = "gast", marker = "platform_machine == 'x86_64' and sys_platform == 'linux'" },
    { name = "google-pasta", marker = "platform_machine == 'x86_64' and sys_platform == 'linux'" },
    { name = "grpcio", marker = "platform_machine == 'x86_64' and sys_platform == 'linux'" },
    { name = "h5py", marker = "platform_machine == 'x86_64' and sys_platform == 'linux'" },
    { name = "keras-preprocessing", marker = "platform_machine == 'x86_64' and sys_platform == 'linux'" },
    { name = "numpy", marker = "platform_machine == 'x86_64' and sys_platform == 'linux'" },
    { name = "opt-einsum", marker = "platform_machine == 'x86_64' and sys_platform == 'linux'" },
    { name = "protobuf", marker = "platform_machine == 'x86_64' and sys_platform == 'linux'" },
    { name = "scipy", marker = "platform_machine == 'x86_64' and sys_platform == 'linux'" },
    { name = "six", marker = "platform_machine == 'x86_64' and sys_platform == 'linux'" },
    { name = "tensorboard", marker = "platform_machine == 'x86_64' and sys_platform == 'linux'" },
    { name = "tensorflow-estimator", marker = "platform_machine == 'x86_64' and sys_platform == 'linux'" },
    { name = "termcolor", marker = "platform_machine == 'x86_64' and sys_platform == 'linux'" },
    { name = "wheel", marker = "platform_machine == 'x86_64' and sys_platform == 'linux'" },
    { name = "wrapt", marker = "platform_machine == 'x86_64' and sys_platform == 'linux'" },
]
wheels = [
    { url = "https://files.pythonhosted.org/packages/5e/5e/8812d6e4f61a1ba2b11c125a6bae985dbe24aa738f2247f817e0d2a5f90a/tensorflow-2.2.0-cp38-cp38-manylinux2010_x86_64.whl", hash = "sha256:8f364528f70d895b96a0de36c7c6002644bf4c5df1ee3fbfa775f5cee6571ad7", size = 516281466, upload-time = "2020-05-07T18:11:10.603Z" },
]

[[package]]
name = "tensorflow-estimator"
version = "2.2.0"
source = { registry = "https://pypi.org/simple" }
wheels = [
    { url = "https://files.pythonhosted.org/packages/a4/f5/926ae53d6a226ec0fda5208e0e581cffed895ccc89e36ba76a8e60895b78/tensorflow_estimator-2.2.0-py2.py3-none-any.whl", hash = "sha256:d09dacdd127f2579cea8d5af21f4a918036b8ae246adc82f26b61f91cc247dc2", size = 454574, upload-time = "2020-04-16T19:32:53.667Z" },
]

[[package]]
name = "termcolor"
version = "2.4.0"
source = { registry = "https://pypi.org/simple" }
sdist = { url = "https://files.pythonhosted.org/packages/10/56/d7d66a84f96d804155f6ff2873d065368b25a07222a6fd51c4f24ef6d764/termcolor-2.4.0.tar.gz", hash = "sha256:aab9e56047c8ac41ed798fa36d892a37aca6b3e9159f3e0c24bc64a9b3ac7b7a", size = 12664, upload-time = "2023-12-01T11:04:51.66Z" }
wheels = [
    { url = "https://files.pythonhosted.org/packages/d9/5f/8c716e47b3a50cbd7c146f45881e11d9414def768b7cd9c5e6650ec2a80a/termcolor-2.4.0-py3-none-any.whl", hash = "sha256:9297c0df9c99445c2412e832e882a7884038a25617c60cea2ad69488d4040d63", size = 7719, upload-time = "2023-12-01T11:04:50.019Z" },
]

[[package]]
name = "tifffile"
version = "2023.7.10"
source = { registry = "https://pypi.org/simple" }
dependencies = [
    { name = "numpy", marker = "platform_machine == 'x86_64' and sys_platform == 'linux'" },
]
sdist = { url = "https://files.pythonhosted.org/packages/43/22/4d19feaba862f06f6392499d5617f96b0d8eb9a876e33e9b6aab292b88f2/tifffile-2023.7.10.tar.gz", hash = "sha256:c06ec460926d16796eeee249a560bcdddf243daae36ac62af3c84a953cd60b4a", size = 345689, upload-time = "2023-07-11T03:43:35.83Z" }
wheels = [
    { url = "https://files.pythonhosted.org/packages/06/a3/68d17088a4f09565bc7341fd20490da8191ec4cddde479daaabbe07bb603/tifffile-2023.7.10-py3-none-any.whl", hash = "sha256:94dfdec321ace96abbfe872a66cfd824800c099a2db558443453eebc2c11b304", size = 220889, upload-time = "2023-07-11T03:43:32.461Z" },
]

[[package]]
name = "urllib3"
version = "2.2.3"
source = { registry = "https://pypi.org/simple" }
sdist = { url = "https://files.pythonhosted.org/packages/ed/63/22ba4ebfe7430b76388e7cd448d5478814d3032121827c12a2cc287e2260/urllib3-2.2.3.tar.gz", hash = "sha256:e7d814a81dad81e6caf2ec9fdedb284ecc9c73076b62654547cc64ccdcae26e9", size = 300677, upload-time = "2024-09-12T10:52:18.401Z" }
wheels = [
    { url = "https://files.pythonhosted.org/packages/ce/d9/5f4c13cecde62396b0d3fe530a50ccea91e7dfc1ccf0e09c228841bb5ba8/urllib3-2.2.3-py3-none-any.whl", hash = "sha256:ca899ca043dcb1bafa3e262d73aa25c465bfb49e0bd9dd5d59f1d0acba2f8fac", size = 126338, upload-time = "2024-09-12T10:52:16.589Z" },
]

[[package]]
name = "werkzeug"
version = "3.0.6"
source = { registry = "https://pypi.org/simple" }
dependencies = [
    { name = "markupsafe", marker = "platform_machine == 'x86_64' and sys_platform == 'linux'" },
]
sdist = { url = "https://files.pythonhosted.org/packages/d4/f9/0ba83eaa0df9b9e9d1efeb2ea351d0677c37d41ee5d0f91e98423c7281c9/werkzeug-3.0.6.tar.gz", hash = "sha256:a8dd59d4de28ca70471a34cba79bed5f7ef2e036a76b3ab0835474246eb41f8d", size = 805170, upload-time = "2024-10-25T18:52:31.688Z" }
wheels = [
    { url = "https://files.pythonhosted.org/packages/6c/69/05837f91dfe42109203ffa3e488214ff86a6d68b2ed6c167da6cdc42349b/werkzeug-3.0.6-py3-none-any.whl", hash = "sha256:1bc0c2310d2fbb07b1dd1105eba2f7af72f322e1e455f2f93c993bee8c8a5f17", size = 227979, upload-time = "2024-10-25T18:52:30.129Z" },
]

[[package]]
name = "wheel"
version = "0.45.1"
source = { registry = "https://pypi.org/simple" }
sdist = { url = "https://files.pythonhosted.org/packages/8a/98/2d9906746cdc6a6ef809ae6338005b3f21bb568bea3165cfc6a243fdc25c/wheel-0.45.1.tar.gz", hash = "sha256:661e1abd9198507b1409a20c02106d9670b2576e916d58f520316666abca6729", size = 107545, upload-time = "2024-11-23T00:18:23.513Z" }
wheels = [
    { url = "https://files.pythonhosted.org/packages/0b/2c/87f3254fd8ffd29e4c02732eee68a83a1d3c346ae39bc6822dcbcb697f2b/wheel-0.45.1-py3-none-any.whl", hash = "sha256:708e7481cc80179af0e556bbf0cc00b8444c7321e2700b8d8580231d13017248", size = 72494, upload-time = "2024-11-23T00:18:21.207Z" },
]

[[package]]
name = "wrapt"
version = "2.0.1"
source = { registry = "https://pypi.org/simple" }
sdist = { url = "https://files.pythonhosted.org/packages/49/2a/6de8a50cb435b7f42c46126cf1a54b2aab81784e74c8595c8e025e8f36d3/wrapt-2.0.1.tar.gz", hash = "sha256:9c9c635e78497cacb81e84f8b11b23e0aacac7a136e73b8e5b2109a1d9fc468f", size = 82040, upload-time = "2025-11-07T00:45:33.312Z" }
wheels = [
    { url = "https://files.pythonhosted.org/packages/18/70/ba94af50f2145cb431163d74d405083beb16782818b20c956138e4f59299/wrapt-2.0.1-cp38-cp38-manylinux1_x86_64.manylinux_2_28_x86_64.manylinux_2_5_x86_64.whl", hash = "sha256:09c7476ab884b74dce081ad9bfd07fe5822d8600abade571cb1f66d5fc915af6", size = 118542, upload-time = "2025-11-07T00:45:08.324Z" },
    { url = "https://files.pythonhosted.org/packages/3c/8e/08b8f9de6b3cfd269504b345d31679d283e50cc93cb0521a44475bb7311b/wrapt-2.0.1-cp38-cp38-musllinux_1_2_x86_64.whl", hash = "sha256:f26f8e2ca19564e2e1fdbb6a0e47f36e0efbab1acc31e15471fad88f828c75f6", size = 117150, upload-time = "2025-11-07T00:45:12.324Z" },
    { url = "https://files.pythonhosted.org/packages/15/d1/b51471c11592ff9c012bd3e2f7334a6ff2f42a7aed2caffcf0bdddc9cb89/wrapt-2.0.1-py3-none-any.whl", hash = "sha256:4d2ce1bf1a48c5277d7969259232b57645aae5686dba1eaeade39442277afbca", size = 44046, upload-time = "2025-11-07T00:45:32.116Z" },
]

[[package]]
name = "zipp"
version = "3.20.2"
source = { registry = "https://pypi.org/simple" }
sdist = { url = "https://files.pythonhosted.org/packages/54/bf/5c0000c44ebc80123ecbdddba1f5dcd94a5ada602a9c225d84b5aaa55e86/zipp-3.20.2.tar.gz", hash = "sha256:bc9eb26f4506fda01b81bcde0ca78103b6e62f991b381fec825435c836edbc29", size = 24199, upload-time = "2024-09-13T13:44:16.101Z" }
wheels = [
    { url = "https://files.pythonhosted.org/packages/62/8b/5ba542fa83c90e09eac972fc9baca7a88e7e7ca4b221a89251954019308b/zipp-3.20.2-py3-none-any.whl", hash = "sha256:a817ac80d6cf4b23bf7f2828b7cabf326f15a001bea8b1f9b49631780ba28350", size = 9200, upload-time = "2024-09-13T13:44:14.38Z" },
]
